
Microsoft Visual Studio Solution File, Format Version 12.00
# Visual Studio Version 17
VisualStudioVersion = 17.8.34330.188
MinimumVisualStudioVersion = 10.0.40219.1
Project("{FAE04EC0-301F-11D3-BF4B-00C04F79EFBC}") = "TzTaskTradinigview", "TzTaskTradinigview.csproj", "{5880F912-324F-4DE4-9C74-3CF3B9E1C879}"
EndProject
Global
	GlobalSection(SolutionConfigurationPlatforms) = preSolution
		Debug|Any CPU = Debug|Any CPU
		Release|Any CPU = Release|Any CPU
	EndGlobalSection
	GlobalSection(ProjectConfigurationPlatforms) = postSolution
		{5880F912-324F-4DE4-9C74-3CF3B9E1C879}.Debug|Any CPU.ActiveCfg = Debug|Any CPU
		{5880F912-324F-4DE4-9C74-3CF3B9E1C879}.Debug|Any CPU.Build.0 = Debug|Any CPU
		{5880F912-324F-4DE4-9C74-3CF3B9E1C879}.Release|Any CPU.ActiveCfg = Release|Any CPU
		{5880F912-324F-4DE4-9C74-3CF3B9E1C879}.Release|Any CPU.Build.0 = Release|Any CPU
	EndGlobalSection
	GlobalSection(SolutionProperties) = preSolution
		HideSolutionNode = FALSE
	EndGlobalSection
	GlobalSection(ExtensibilityGlobals) = postSolution
		SolutionGuid = {6DD8992F-FC31-432D-923C-85EA435DB384}
	EndGlobalSection
EndGlobal
